
Microsoft Visual Studio Solution File, Format Version 12.00
# Visual Studio Version 16
VisualStudioVersion = 16.0.31410.357
MinimumVisualStudioVersion = 10.0.40219.1
Project("{FAE04EC0-301F-11D3-BF4B-00C04F79EFBC}") = "Max number finder", "Max number finder\Max number finder.csproj", "{0A9CD4F6-DA44-41E7-8EDE-A8087A3ACAB7}"
EndProject
Global
	GlobalSection(SolutionConfigurationPlatforms) = preSolution
		Debug|Any CPU = Debug|Any CPU
		Release|Any CPU = Release|Any CPU
	EndGlobalSection
	GlobalSection(ProjectConfigurationPlatforms) = postSolution
		{0A9CD4F6-DA44-41E7-8EDE-A8087A3ACAB7}.Debug|Any CPU.ActiveCfg = Debug|Any CPU
		{0A9CD4F6-DA44-41E7-8EDE-A8087A3ACAB7}.Debug|Any CPU.Build.0 = Debug|Any CPU
		{0A9CD4F6-DA44-41E7-8EDE-A8087A3ACAB7}.Release|Any CPU.ActiveCfg = Release|Any CPU
		{0A9CD4F6-DA44-41E7-8EDE-A8087A3ACAB7}.Release|Any CPU.Build.0 = Release|Any CPU
	EndGlobalSection
	GlobalSection(SolutionProperties) = preSolution
		HideSolutionNode = FALSE
	EndGlobalSection
	GlobalSection(ExtensibilityGlobals) = postSolution
		SolutionGuid = {E1E42D3B-369F-41B0-A0CB-9F4A199E2DAF}
	EndGlobalSection
EndGlobal
